
Microsoft Visual Studio Solution File, Format Version 12.00
# Visual Studio Version 16
VisualStudioVersion = 16.0.31702.278
MinimumVisualStudioVersion = 10.0.40219.1
Project("{FAE04EC0-301F-11D3-BF4B-00C04F79EFBC}") = "LinkedListsTraining", "LinkedListsTraining\LinkedListsTraining.csproj", "{5DEC1DD8-D3B6-4D41-8AEB-B2C744B0D5CF}"
EndProject
Project("{FAE04EC0-301F-11D3-BF4B-00C04F79EFBC}") = "LinkedListTraining_tests", "LinkedListTraining_tests\LinkedListTraining_tests.csproj", "{EA4A92FB-565F-4686-8FB2-74A340725C15}"
EndProject
Global
	GlobalSection(SolutionConfigurationPlatforms) = preSolution
		Debug|Any CPU = Debug|Any CPU
		Release|Any CPU = Release|Any CPU
	EndGlobalSection
	GlobalSection(ProjectConfigurationPlatforms) = postSolution
		{5DEC1DD8-D3B6-4D41-8AEB-B2C744B0D5CF}.Debug|Any CPU.ActiveCfg = Debug|Any CPU
		{5DEC1DD8-D3B6-4D41-8AEB-B2C744B0D5CF}.Debug|Any CPU.Build.0 = Debug|Any CPU
		{5DEC1DD8-D3B6-4D41-8AEB-B2C744B0D5CF}.Release|Any CPU.ActiveCfg = Release|Any CPU
		{5DEC1DD8-D3B6-4D41-8AEB-B2C744B0D5CF}.Release|Any CPU.Build.0 = Release|Any CPU
		{EA4A92FB-565F-4686-8FB2-74A340725C15}.Debug|Any CPU.ActiveCfg = Debug|Any CPU
		{EA4A92FB-565F-4686-8FB2-74A340725C15}.Debug|Any CPU.Build.0 = Debug|Any CPU
		{EA4A92FB-565F-4686-8FB2-74A340725C15}.Release|Any CPU.ActiveCfg = Release|Any CPU
		{EA4A92FB-565F-4686-8FB2-74A340725C15}.Release|Any CPU.Build.0 = Release|Any CPU
	EndGlobalSection
	GlobalSection(SolutionProperties) = preSolution
		HideSolutionNode = FALSE
	EndGlobalSection
	GlobalSection(ExtensibilityGlobals) = postSolution
		SolutionGuid = {C6F672A1-0CEC-4133-AD97-C7A0C2ECC6C9}
	EndGlobalSection
EndGlobal
